# This file is autogenerated, do not edit; changes may be undone by the next 'dep ensure'.


[[projects]]
  digest = "1:8e7adfb8408a74f2107acb65afcfc7b1694bf118366a5e41ae785679bbca8751"
  name = "github.com/bitrise-io/go-utils"
  packages = [
    "colorstring",
    "log",
    "pathutil",
    "retry",
  ]
  pruneopts = "UT"
  revision = "6d158a26258c099e22b13ec9222b104f17bf68f7"

[solve-meta]
  analyzer-name = "dep"
  analyzer-version = 1
  input-imports = [
    "github.com/bitrise-io/go-utils/log",
    "github.com/bitrise-io/go-utils/pathutil",
    "github.com/bitrise-io/go-utils/retry",
  ]
  solver-name = "gps-cdcl"
  solver-version = 1
